// !$*UTF8*$!
{
	archiveVersion = 1;
	classes = {
	};
	objectVersion = 46;
	objects = {

/* Begin PBXFileReference section */
		4C2681F718BE81C800124602 /* Console */ = {isa = PBXFileReference; lastKnownFileType = folder; path = Console; sourceTree = "<group>"; };
		4C2681F918BE81C800124602 /* RedRectangle */ = {isa = PBXFileReference; lastKnownFileType = folder; path = RedRectangle; sourceTree = "<group>"; };
		4C2681FA18BE81C800124602 /* Calculator */ = {isa = PBXFileReference; lastKnownFileType = folder; path = Calculator; sourceTree = "<group>"; };
		4CA2BEAE18EF67CD007A0542 /* ColorSpace */ = {isa = PBXFileReference; lastKnownFileType = folder; path = ColorSpace; sourceTree = "<group>"; };
		C52A7B6418F3A7E5005E9FE5 /* Gradients */ = {isa = PBXFileReference; lastKnownFileType = folder; path = Gradients; sourceTree = "<group>"; };
		C5B8DD4819313E5C003B22FE /* Images */ = {isa = PBXFileReference; lastKnownFileType = folder; path = Images; sourceTree = "<group>"; };
		F526F7B519B6753300A32D8E /* BlueCenterCircle */ = {isa = PBXFileReference; lastKnownFileType = folder; path = BlueCenterCircle; sourceTree = "<group>"; };
		F526F7B619B6753300A32D8E /* BlueCenterRectangle */ = {isa = PBXFileReference; lastKnownFileType = folder; path = BlueCenterRectangle; sourceTree = "<group>"; };
		F526F7B719B6753300A32D8E /* BlueCircle */ = {isa = PBXFileReference; lastKnownFileType = folder; path = BlueCircle; sourceTree = "<group>"; };
		F526F7B819B6753300A32D8E /* BlueRectangle */ = {isa = PBXFileReference; lastKnownFileType = folder; path = BlueRectangle; sourceTree = "<group>"; };
		F526F7B919B6753300A32D8E /* BrownCenterCircle */ = {isa = PBXFileReference; lastKnownFileType = folder; path = BrownCenterCircle; sourceTree = "<group>"; };
		F526F7BA19B6753300A32D8E /* BrownCenterRectangle */ = {isa = PBXFileReference; lastKnownFileType = folder; path = BrownCenterRectangle; sourceTree = "<group>"; };
		F526F7BB19B6753300A32D8E /* BrownCircle */ = {isa = PBXFileReference; lastKnownFileType = folder; path = BrownCircle; sourceTree = "<group>"; };
		F526F7BC19B6753300A32D8E /* BrownRectangle */ = {isa = PBXFileReference; lastKnownFileType = folder; path = BrownRectangle; sourceTree = "<group>"; };
		F526F7C119B6753400A32D8E /* GrayCenterCircle */ = {isa = PBXFileReference; lastKnownFileType = folder; path = GrayCenterCircle; sourceTree = "<group>"; };
		F526F7C219B6753400A32D8E /* GrayCenterRectangle */ = {isa = PBXFileReference; lastKnownFileType = folder; path = GrayCenterRectangle; sourceTree = "<group>"; };
		F526F7C319B6753400A32D8E /* GrayCircle */ = {isa = PBXFileReference; lastKnownFileType = folder; path = GrayCircle; sourceTree = "<group>"; };
		F526F7C419B6753400A32D8E /* GrayRectangle */ = {isa = PBXFileReference; lastKnownFileType = folder; path = GrayRectangle; sourceTree = "<group>"; };
		F526F7C519B6753400A32D8E /* GreenCenterCircle */ = {isa = PBXFileReference; lastKnownFileType = folder; path = GreenCenterCircle; sourceTree = "<group>"; };
		F526F7C619B6753400A32D8E /* GreenCenterRectangle */ = {isa = PBXFileReference; lastKnownFileType = folder; path = GreenCenterRectangle; sourceTree = "<group>"; };
		F526F7C719B6753400A32D8E /* GreenCircle */ = {isa = PBXFileReference; lastKnownFileType = folder; path = GreenCircle; sourceTree = "<group>"; };
		F526F7C819B6753400A32D8E /* GreenRectangle */ = {isa = PBXFileReference; lastKnownFileType = folder; path = GreenRectangle; sourceTree = "<group>"; };
		F526F7CA19B6753400A32D8E /* LightBlueCenterCircle */ = {isa = PBXFileReference; lastKnownFileType = folder; path = LightBlueCenterCircle; sourceTree = "<group>"; };
		F526F7CB19B6753400A32D8E /* LightBlueCenterRectangle */ = {isa = PBXFileReference; lastKnownFileType = folder; path = LightBlueCenterRectangle; sourceTree = "<group>"; };
		F526F7CC19B6753400A32D8E /* LightBlueCircle */ = {isa = PBXFileReference; lastKnownFileType = folder; path = LightBlueCircle; sourceTree = "<group>"; };
		F526F7CD19B6753400A32D8E /* LightBlueRectangle */ = {isa = PBXFileReference; lastKnownFileType = folder; path = LightBlueRectangle; sourceTree = "<group>"; };
		F526F7CF19B6753400A32D8E /* README.md */ = {isa = PBXFileReference; lastKnownFileType = text; path = README.md; sourceTree = "<group>"; };
		F526F7D019B6753400A32D8E /* RedCenterCircle */ = {isa = PBXFileReference; lastKnownFileType = folder; path = RedCenterCircle; sourceTree = "<group>"; };
		F526F7D119B6753400A32D8E /* RedCenterRectangle */ = {isa = PBXFileReference; lastKnownFileType = folder; path = RedCenterRectangle; sourceTree = "<group>"; };
		F526F7D219B6753400A32D8E /* RedCircle */ = {isa = PBXFileReference; lastKnownFileType = folder; path = RedCircle; sourceTree = "<group>"; };
		F526F7D419B6753400A32D8E /* YellowCenterCircle */ = {isa = PBXFileReference; lastKnownFileType = folder; path = YellowCenterCircle; sourceTree = "<group>"; };
		F526F7D519B6753400A32D8E /* YellowCenterRectangle */ = {isa = PBXFileReference; lastKnownFileType = folder; path = YellowCenterRectangle; sourceTree = "<group>"; };
		F526F7D619B6753400A32D8E /* YellowCircle */ = {isa = PBXFileReference; lastKnownFileType = folder; path = YellowCircle; sourceTree = "<group>"; };
		F526F7D719B6753400A32D8E /* YellowRectangle */ = {isa = PBXFileReference; lastKnownFileType = folder; path = YellowRectangle; sourceTree = "<group>"; };
/* End PBXFileReference section */

/* Begin PBXGroup section */
		4C2681F018BE817B00124602 = {
			isa = PBXGroup;
			children = (
				F526F7B519B6753300A32D8E /* BlueCenterCircle */,
				F526F7B619B6753300A32D8E /* BlueCenterRectangle */,
				F526F7B719B6753300A32D8E /* BlueCircle */,
				F526F7B819B6753300A32D8E /* BlueRectangle */,
				F526F7B919B6753300A32D8E /* BrownCenterCircle */,
				F526F7BA19B6753300A32D8E /* BrownCenterRectangle */,
				F526F7BB19B6753300A32D8E /* BrownCircle */,
				F526F7BC19B6753300A32D8E /* BrownRectangle */,
				F526F7C119B6753400A32D8E /* GrayCenterCircle */,
				F526F7C219B6753400A32D8E /* GrayCenterRectangle */,
				F526F7C319B6753400A32D8E /* GrayCircle */,
				F526F7C419B6753400A32D8E /* GrayRectangle */,
				F526F7C519B6753400A32D8E /* GreenCenterCircle */,
				F526F7C619B6753400A32D8E /* GreenCenterRectangle */,
				F526F7C719B6753400A32D8E /* GreenCircle */,
				F526F7C819B6753400A32D8E /* GreenRectangle */,
				F526F7CA19B6753400A32D8E /* LightBlueCenterCircle */,
				F526F7CB19B6753400A32D8E /* LightBlueCenterRectangle */,
				F526F7CC19B6753400A32D8E /* LightBlueCircle */,
				F526F7CD19B6753400A32D8E /* LightBlueRectangle */,
				F526F7CF19B6753400A32D8E /* README.md */,
				F526F7D019B6753400A32D8E /* RedCenterCircle */,
				F526F7D119B6753400A32D8E /* RedCenterRectangle */,
				F526F7D219B6753400A32D8E /* RedCircle */,
				F526F7D419B6753400A32D8E /* YellowCenterCircle */,
				F526F7D519B6753400A32D8E /* YellowCenterRectangle */,
				F526F7D619B6753400A32D8E /* YellowCircle */,
				F526F7D719B6753400A32D8E /* YellowRectangle */,
				4C2681FA18BE81C800124602 /* Calculator */,
				4CA2BEAE18EF67CD007A0542 /* ColorSpace */,
				4C2681F718BE81C800124602 /* Console */,
				C52A7B6418F3A7E5005E9FE5 /* Gradients */,
				C5B8DD4819313E5C003B22FE /* Images */,
				4C2681F918BE81C800124602 /* RedRectangle */,
			);
			sourceTree = "<group>";
		};
/* End PBXGroup section */

/* Begin PBXProject section */
		4C2681F118BE817B00124602 /* Project object */ = {
			isa = PBXProject;
			attributes = {
				LastUpgradeCheck = 0500;
			};
			buildConfigurationList = 4C2681F418BE817B00124602 /* Build configuration list for PBXProject "applications" */;
			compatibilityVersion = "Xcode 3.2";
			developmentRegion = English;
			hasScannedForEncodings = 0;
			knownRegions = (
				en,
			);
			mainGroup = 4C2681F018BE817B00124602;
			projectDirPath = "";
			projectRoot = "";
			targets = (
			);
		};
/* End PBXProject section */

/* Begin XCBuildConfiguration section */
		4C2681F518BE817B00124602 /* Debug */ = {
			isa = XCBuildConfiguration;
			buildSettings = {
			};
			name = Debug;
		};
		4C2681F618BE817B00124602 /* Release */ = {
			isa = XCBuildConfiguration;
			buildSettings = {
			};
			name = Release;
		};
/* End XCBuildConfiguration section */

/* Begin XCConfigurationList section */
		4C2681F418BE817B00124602 /* Build configuration list for PBXProject "applications" */ = {
			isa = XCConfigurationList;
			buildConfigurations = (
				4C2681F518BE817B00124602 /* Debug */,
				4C2681F618BE817B00124602 /* Release */,
			);
			defaultConfigurationIsVisible = 0;
			defaultConfigurationName = Release;
		};
/* End XCConfigurationList section */
	};
	rootObject = 4C2681F118BE817B00124602 /* Project object */;
}
