// !$*UTF8*$!
{
	archiveVersion = 1;
	classes = {
	};
	objectVersion = 46;
	objects = {

/* Begin PBXFileReference section */
		4C2681F718BE81C800124602 /* Console */ = {isa = PBXFileReference; lastKnownFileType = folder; path = Console; sourceTree = "<group>"; };
		4C2681F918BE81C800124602 /* RedRectangle */ = {isa = PBXFileReference; lastKnownFileType = folder; path = RedRectangle; sourceTree = "<group>"; };
		4C2681FA18BE81C800124602 /* Calculator */ = {isa = PBXFileReference; lastKnownFileType = folder; path = Calculator; sourceTree = "<group>"; };
		4CA2BEAE18EF67CD007A0542 /* ColorSpace */ = {isa = PBXFileReference; lastKnownFileType = folder; path = ColorSpace; sourceTree = "<group>"; };
		C52A7B6418F3A7E5005E9FE5 /* Gradients */ = {isa = PBXFileReference; lastKnownFileType = folder; path = Gradients; sourceTree = "<group>"; };
		C566115419B55F2E005123FA /* myApps */ = {isa = PBXFileReference; lastKnownFileType = folder; path = myApps; sourceTree = "<group>"; };
		C5B8DD4819313E5C003B22FE /* Images */ = {isa = PBXFileReference; lastKnownFileType = folder; path = Images; sourceTree = "<group>"; };
/* End PBXFileReference section */

/* Begin PBXGroup section */
		4C2681F018BE817B00124602 = {
			isa = PBXGroup;
			children = (
				4C2681FA18BE81C800124602 /* Calculator */,
				4CA2BEAE18EF67CD007A0542 /* ColorSpace */,
				4C2681F718BE81C800124602 /* Console */,
				C52A7B6418F3A7E5005E9FE5 /* Gradients */,
				C5B8DD4819313E5C003B22FE /* Images */,
				C566115419B55F2E005123FA /* myApps */,
				4C2681F918BE81C800124602 /* RedRectangle */,
			);
			sourceTree = "<group>";
		};
/* End PBXGroup section */

/* Begin PBXProject section */
		4C2681F118BE817B00124602 /* Project object */ = {
			isa = PBXProject;
			attributes = {
				LastUpgradeCheck = 0500;
			};
			buildConfigurationList = 4C2681F418BE817B00124602 /* Build configuration list for PBXProject "applications" */;
			compatibilityVersion = "Xcode 3.2";
			developmentRegion = English;
			hasScannedForEncodings = 0;
			knownRegions = (
				en,
			);
			mainGroup = 4C2681F018BE817B00124602;
			projectDirPath = "";
			projectRoot = "";
			targets = (
			);
		};
/* End PBXProject section */

/* Begin XCBuildConfiguration section */
		4C2681F518BE817B00124602 /* Debug */ = {
			isa = XCBuildConfiguration;
			buildSettings = {
			};
			name = Debug;
		};
		4C2681F618BE817B00124602 /* Release */ = {
			isa = XCBuildConfiguration;
			buildSettings = {
			};
			name = Release;
		};
/* End XCBuildConfiguration section */

/* Begin XCConfigurationList section */
		4C2681F418BE817B00124602 /* Build configuration list for PBXProject "applications" */ = {
			isa = XCConfigurationList;
			buildConfigurations = (
				4C2681F518BE817B00124602 /* Debug */,
				4C2681F618BE817B00124602 /* Release */,
			);
			defaultConfigurationIsVisible = 0;
			defaultConfigurationName = Release;
		};
/* End XCConfigurationList section */
	};
	rootObject = 4C2681F118BE817B00124602 /* Project object */;
}
